
Microsoft Visual Studio Solution File, Format Version 12.00
# Visual Studio Version 16
VisualStudioVersion = 16.0.30413.136
MinimumVisualStudioVersion = 10.0.40219.1
Project("{FAE04EC0-301F-11D3-BF4B-00C04F79EFBC}") = "ECO", "ECO\ECO.csproj", "{20937D28-258C-4741-9682-9C5B19E732D9}"
EndProject
Global
	GlobalSection(SolutionConfigurationPlatforms) = preSolution
		Debug|Any CPU = Debug|Any CPU
		Release|Any CPU = Release|Any CPU
	EndGlobalSection
	GlobalSection(ProjectConfigurationPlatforms) = postSolution
		{20937D28-258C-4741-9682-9C5B19E732D9}.Debug|Any CPU.ActiveCfg = Debug|Any CPU
		{20937D28-258C-4741-9682-9C5B19E732D9}.Debug|Any CPU.Build.0 = Debug|Any CPU
		{20937D28-258C-4741-9682-9C5B19E732D9}.Release|Any CPU.ActiveCfg = Release|Any CPU
		{20937D28-258C-4741-9682-9C5B19E732D9}.Release|Any CPU.Build.0 = Release|Any CPU
	EndGlobalSection
	GlobalSection(SolutionProperties) = preSolution
		HideSolutionNode = FALSE
	EndGlobalSection
	GlobalSection(ExtensibilityGlobals) = postSolution
		SolutionGuid = {FD38DCFE-490C-4A4A-A8B4-158EB8ED2CBC}
	EndGlobalSection
EndGlobal
